{
  "nodes": {
    "Autoencoders": {
      "inputs": {
        "flake-utils": "flake-utils",
        "nixpkgs": [
          "nixpkgs"
        ]
      },
      "locked": {
        "lastModified": 1744672835,
        "narHash": "sha256-N5bNrfK2w2GLFTKmmOypm+cSeDM15ljK5aPdicm85P4=",
        "owner": "kewiechecki",
        "repo": "Autoencoders.jl",
        "rev": "827e5f17f8d2c6cab5b2dd70c64bd2581ca7260c",
        "type": "github"
      },
      "original": {
        "owner": "kewiechecki",
        "repo": "Autoencoders.jl",
        "type": "github"
      }
    },
    "DictMap": {
      "flake": false,
      "locked": {
        "lastModified": 1744673405,
        "narHash": "sha256-EYSRTSZCLBsRamovjLd78mVpbx0k0G6pHTZ0ufMqX78=",
        "owner": "kewiechecki",
        "repo": "DictMap.jl",
        "rev": "07f3b3c835f3202531cf6d5c15fb62f72919a60f",
        "type": "github"
      },
      "original": {
        "owner": "kewiechecki",
        "repo": "DictMap.jl",
        "type": "github"
      }
    },
    "TrainingIO": {
      "flake": false,
      "locked": {
        "lastModified": 1744675426,
        "narHash": "sha256-BxlJxf7N+8EUzRzncI+7o0JOHPPCMRefjZ0yD0RVtXI=",
        "owner": "kewiechecki",
        "repo": "TrainingIO.jl",
        "rev": "e72688e75a9436cc87fbcb4567fa3ecff28d33ff",
        "type": "github"
      },
      "original": {
        "owner": "kewiechecki",
        "repo": "TrainingIO.jl",
        "type": "github"
      }
    },
    "flake-utils": {
      "inputs": {
        "systems": "systems"
      },
      "locked": {
        "lastModified": 1731533236,
        "narHash": "sha256-l0KFg5HjrsfsO/JpG+r7fRrqm12kzFHyUHqHCVpMMbI=",
        "owner": "numtide",
        "repo": "flake-utils",
        "rev": "11707dc2f618dd54ca8739b309ec4fc024de578b",
        "type": "github"
      },
      "original": {
        "owner": "numtide",
        "repo": "flake-utils",
        "type": "github"
      }
    },
    "flake-utils_2": {
      "inputs": {
        "systems": "systems_2"
      },
      "locked": {
        "lastModified": 1731533236,
        "narHash": "sha256-l0KFg5HjrsfsO/JpG+r7fRrqm12kzFHyUHqHCVpMMbI=",
        "owner": "numtide",
        "repo": "flake-utils",
        "rev": "11707dc2f618dd54ca8739b309ec4fc024de578b",
        "type": "github"
      },
      "original": {
        "owner": "numtide",
        "repo": "flake-utils",
        "type": "github"
      }
    },
    "nixpkgs": {
      "locked": {
        "lastModified": 1744463964,
        "narHash": "sha256-LWqduOgLHCFxiTNYi3Uj5Lgz0SR+Xhw3kr/3Xd0GPTM=",
        "owner": "NixOS",
        "repo": "nixpkgs",
        "rev": "2631b0b7abcea6e640ce31cd78ea58910d31e650",
        "type": "github"
      },
      "original": {
        "owner": "NixOS",
        "ref": "nixos-unstable",
        "repo": "nixpkgs",
        "type": "github"
      }
    },
    "root": {
      "inputs": {
        "Autoencoders": "Autoencoders",
        "DictMap": "DictMap",
        "TrainingIO": "TrainingIO",
        "flake-utils": "flake-utils_2",
        "nixpkgs": "nixpkgs"
      }
    },
    "systems": {
      "locked": {
        "lastModified": 1681028828,
        "narHash": "sha256-Vy1rq5AaRuLzOxct8nz4T6wlgyUR7zLU309k9mBC768=",
        "owner": "nix-systems",
        "repo": "default",
        "rev": "da67096a3b9bf56a91d16901293e51ba5b49a27e",
        "type": "github"
      },
      "original": {
        "owner": "nix-systems",
        "repo": "default",
        "type": "github"
      }
    },
    "systems_2": {
      "locked": {
        "lastModified": 1681028828,
        "narHash": "sha256-Vy1rq5AaRuLzOxct8nz4T6wlgyUR7zLU309k9mBC768=",
        "owner": "nix-systems",
        "repo": "default",
        "rev": "da67096a3b9bf56a91d16901293e51ba5b49a27e",
        "type": "github"
      },
      "original": {
        "owner": "nix-systems",
        "repo": "default",
        "type": "github"
      }
    }
  },
  "root": "root",
  "version": 7
}
